<?xml version="1.0" encoding="utf-8"?>
<Project ToolsVersion="4.0" xmlns="http://schemas.microsoft.com/developer/msbuild/2003">
  <ItemGroup>
    <Filter Include="Source Files">
      <UniqueIdentifier>{80c4ce50-903f-494e-97eb-53e14859300f}</UniqueIdentifier>
      <Extensions>cpp;c;cxx;rc;def;r;odl;idl;hpj;bat</Extensions>
    </Filter>
    <Filter Include="Source Files\RLC Opt Source">
      <UniqueIdentifier>{5f231d2b-301a-4c4c-acb6-290f2ddf79ce}</UniqueIdentifier>
      <Extensions>.cpp</Extensions>
    </Filter>
    <Filter Include="Header Files">
      <UniqueIdentifier>{2bbe6447-ba46-4777-99f3-6844f144640d}</UniqueIdentifier>
      <Extensions>h;hpp;hxx;hm;inl</Extensions>
    </Filter>
    <Filter Include="Header Files\RLC Opt Headers">
      <UniqueIdentifier>{c4ade26a-4fda-4ae0-ac1e-3711077ae28a}</UniqueIdentifier>
      <Extensions>.h</Extensions>
    </Filter>
    <Filter Include="Resource Files">
      <UniqueIdentifier>{9c147b32-c1ce-44ca-9744-60f4682a801c}</UniqueIdentifier>
      <Extensions>ico;cur;bmp;dlg;rc2;rct;bin;rgs;gif;jpg;jpeg;jpe</Extensions>
    </Filter>
  </ItemGroup>
  <ItemGroup>
    <ClCompile Include="Source\RLC_opt\C.S.Optimizer.cpp">
      <Filter>Source Files\RLC Opt Source</Filter>
    </ClCompile>
    <ClCompile Include="Source\RLC_opt\C.S.Oracle.cpp">
      <Filter>Source Files\RLC Opt Source</Filter>
    </ClCompile>
    <ClCompile Include="Source\RLC_opt\C.S.QueryPoint.cpp">
      <Filter>Source Files\RLC Opt Source</Filter>
    </ClCompile>
    <ClCompile Include="Source\RLC_opt\C.S.RLC.cpp">
      <Filter>Source Files\RLC Opt Source</Filter>
    </ClCompile>
    <ClCompile Include="Source\RLC_opt\C.S.RLC_Tree.cpp">
      <Filter>Source Files\RLC Opt Source</Filter>
    </ClCompile>
    <ClCompile Include="Source\C.S.AnalogAnalysis.cpp">
      <Filter>Source Files</Filter>
    </ClCompile>
    <ClCompile Include="Source\C.S.ComplexNumbers.cpp">
      <Filter>Source Files</Filter>
    </ClCompile>
    <ClCompile Include="Source\C.S.Draw.cpp">
      <Filter>Source Files</Filter>
    </ClCompile>
    <ClCompile Include="Source\C.S.Equation.cpp">
      <Filter>Source Files</Filter>
    </ClCompile>
    <ClCompile Include="Source\C.S.FSMDesign.cpp">
      <Filter>Source Files</Filter>
    </ClCompile>
    <ClCompile Include="Source\C.S.Graph.cpp">
      <Filter>Source Files</Filter>
    </ClCompile>
    <ClCompile Include="Source\Win32\C.S.GraphicsWin32.cpp">
      <Filter>Source Files</Filter>
    </ClCompile>
    <ClCompile Include="Source\C.S.GridArray.cpp">
      <Filter>Source Files</Filter>
    </ClCompile>
    <ClCompile Include="Source\C.S.InputVector.cpp">
      <Filter>Source Files</Filter>
    </ClCompile>
    <ClCompile Include="Source\C.S.IntegratedCircuit.cpp">
      <Filter>Source Files</Filter>
    </ClCompile>
    <ClCompile Include="Source\Win32\C.S.InterfaceWin32.cpp">
      <Filter>Source Files</Filter>
    </ClCompile>
    <ClCompile Include="Source\C.S.IOVector.cpp">
      <Filter>Source Files</Filter>
    </ClCompile>
    <ClCompile Include="Source\C.S.LinkCircuit.cpp">
      <Filter>Source Files</Filter>
    </ClCompile>
    <ClCompile Include="Source\C.S.Logic.cpp">
      <Filter>Source Files</Filter>
    </ClCompile>
    <ClCompile Include="Source\C.S.LogicComponents.cpp">
      <Filter>Source Files</Filter>
    </ClCompile>
    <ClCompile Include="Source\C.S.LogicDelay.cpp">
      <Filter>Source Files</Filter>
    </ClCompile>
    <ClCompile Include="Source\C.S.LogicEngine.cpp">
      <Filter>Source Files</Filter>
    </ClCompile>
    <ClCompile Include="Source\C.S.LogicFunctions.cpp">
      <Filter>Source Files</Filter>
    </ClCompile>
    <ClCompile Include="Source\C.S.LogicPropagation.cpp">
      <Filter>Source Files</Filter>
    </ClCompile>
    <ClCompile Include="Source\C.S.MatrixUtil.cpp">
      <Filter>Source Files</Filter>
    </ClCompile>
    <ClCompile Include="Source\C.S.MOSFET.cpp">
      <Filter>Source Files</Filter>
    </ClCompile>
    <ClCompile Include="Source\C.S.Netlist.cpp">
      <Filter>Source Files</Filter>
    </ClCompile>
    <ClCompile Include="Source\C.S.NetPointerSet.cpp">
      <Filter>Source Files</Filter>
    </ClCompile>
    <ClCompile Include="Source\C.S.Nodes.cpp">
      <Filter>Source Files</Filter>
    </ClCompile>
    <ClCompile Include="Source\C.S.PlaceAndRoute.cpp">
      <Filter>Source Files</Filter>
    </ClCompile>
    <ClCompile Include="Source\C.S.Scheduling.cpp">
      <Filter>Source Files</Filter>
    </ClCompile>
    <ClCompile Include="Source\C.S.SchematicEdit.cpp">
      <Filter>Source Files</Filter>
    </ClCompile>
    <ClCompile Include="Source\C.S.SimulationSetup.cpp">
      <Filter>Source Files</Filter>
    </ClCompile>
    <ClCompile Include="Source\C.S.StringTable.cpp">
      <Filter>Source Files</Filter>
    </ClCompile>
    <ClCompile Include="Source\C.S.TextGraphics.cpp">
      <Filter>Source Files</Filter>
    </ClCompile>
    <ClCompile Include="Source\C.S.TopoSort.cpp">
      <Filter>Source Files</Filter>
    </ClCompile>
    <ClCompile Include="Source\C.S.Transforms.cpp">
      <Filter>Source Files</Filter>
    </ClCompile>
    <ClCompile Include="Source\C.S.Transistor.cpp">
      <Filter>Source Files</Filter>
    </ClCompile>
    <ClCompile Include="Source\C.S.Undo.cpp">
      <Filter>Source Files</Filter>
    </ClCompile>
    <ClCompile Include="Source\C.S.Utilities.cpp">
      <Filter>Source Files</Filter>
    </ClCompile>
    <ClCompile Include="Source\C.S.Window.cpp">
      <Filter>Source Files</Filter>
    </ClCompile>
    <ClCompile Include="Source\C.S.WindowOps.cpp">
      <Filter>Source Files</Filter>
    </ClCompile>
    <ClCompile Include="Source\CircuitSolver.cpp">
      <Filter>Source Files</Filter>
    </ClCompile>
    <ClCompile Include="Source\Borrowed_Code\FFT.cpp">
      <Filter>Source Files</Filter>
    </ClCompile>
    <ClCompile Include="Source\C.S.Matrix.cpp">
      <Filter>Source Files</Filter>
    </ClCompile>
  </ItemGroup>
  <ItemGroup>
    <ClInclude Include="Source\RLC_opt\Optimizer.h">
      <Filter>Header Files\RLC Opt Headers</Filter>
    </ClInclude>
    <ClInclude Include="Source\RLC_opt\Oracle.h">
      <Filter>Header Files\RLC Opt Headers</Filter>
    </ClInclude>
    <ClInclude Include="Source\RLC_opt\RLC_Tree.h">
      <Filter>Header Files\RLC Opt Headers</Filter>
    </ClInclude>
    <ClInclude Include="Header\CircuitSolver.h">
      <Filter>Header Files</Filter>
    </ClInclude>
    <ClInclude Include="Header\CompArray.h">
      <Filter>Header Files</Filter>
    </ClInclude>
    <ClInclude Include="Header\Complex.h">
      <Filter>Header Files</Filter>
    </ClInclude>
    <ClInclude Include="Header\ComponentID.h">
      <Filter>Header Files</Filter>
    </ClInclude>
    <ClInclude Include="Header\Delay.h">
      <Filter>Header Files</Filter>
    </ClInclude>
    <ClInclude Include="Header\Draw.h">
      <Filter>Header Files</Filter>
    </ClInclude>
    <ClInclude Include="Header\Equation.h">
      <Filter>Header Files</Filter>
    </ClInclude>
    <ClInclude Include="Header\FSMDesign.h">
      <Filter>Header Files</Filter>
    </ClInclude>
    <ClInclude Include="Header\Graphics.h">
      <Filter>Header Files</Filter>
    </ClInclude>
    <ClInclude Include="Header\GridArray.h">
      <Filter>Header Files</Filter>
    </ClInclude>
    <ClInclude Include="Header\IOVector.h">
      <Filter>Header Files</Filter>
    </ClInclude>
    <ClInclude Include="Header\Logic.h">
      <Filter>Header Files</Filter>
    </ClInclude>
    <ClInclude Include="Header\Matrix.h">
      <Filter>Header Files</Filter>
    </ClInclude>
    <ClInclude Include="Header\Netlist.h">
      <Filter>Header Files</Filter>
    </ClInclude>
    <ClInclude Include="Header\NetPointerSet.h">
      <Filter>Header Files</Filter>
    </ClInclude>
    <ClInclude Include="Header\PropagationFunctions.h">
      <Filter>Header Files</Filter>
    </ClInclude>
    <ClInclude Include="Header\Propagations.h">
      <Filter>Header Files</Filter>
    </ClInclude>
    <ClInclude Include="Header\resource.h">
      <Filter>Header Files</Filter>
    </ClInclude>
    <ClInclude Include="Header\Scheduling.h">
      <Filter>Header Files</Filter>
    </ClInclude>
    <ClInclude Include="Header\STL_Support.h">
      <Filter>Header Files</Filter>
    </ClInclude>
    <ClInclude Include="Header\StringTable.h">
      <Filter>Header Files</Filter>
    </ClInclude>
    <ClInclude Include="Header\TextGraphics.h">
      <Filter>Header Files</Filter>
    </ClInclude>
    <ClInclude Include="Header\Undo.h">
      <Filter>Header Files</Filter>
    </ClInclude>
    <ClInclude Include="Source\Win32\Win32Interface.h">
      <Filter>Header Files</Filter>
    </ClInclude>
  </ItemGroup>
  <ItemGroup>
    <ResourceCompile Include="CircuitSolver.rc">
      <Filter>Resource Files</Filter>
    </ResourceCompile>
  </ItemGroup>
  <ItemGroup>
    <CustomBuild Include="Blank.cur">
      <Filter>Resource Files</Filter>
    </CustomBuild>
    <CustomBuild Include="CircuitSolver.ico">
      <Filter>Resource Files</Filter>
    </CustomBuild>
  </ItemGroup>
</Project>